
Microsoft Visual Studio Solution File, Format Version 12.00
# Visual Studio Version 17
VisualStudioVersion = 17.5.33424.131
MinimumVisualStudioVersion = 10.0.40219.1
Project("{2150E333-8FDC-42A3-9474-1A3956D46DE8}") = "src", "src", "{BCA9E438-A5C8-4824-A90B-462A9E89E248}"
EndProject
Project("{9A19103F-16F7-4668-BE54-9A1E7A4F7556}") = "Application", "src\Application\Application.csproj", "{8D4CE395-4661-4236-905B-AAE8E4ABA334}"
EndProject
Project("{9A19103F-16F7-4668-BE54-9A1E7A4F7556}") = "Domain", "src\Domain\Domain.csproj", "{192447C4-7727-4257-AC9E-F6D400C4BBD7}"
EndProject
Project("{9A19103F-16F7-4668-BE54-9A1E7A4F7556}") = "Infrastructure", "src\Infrastructure\Infrastructure.csproj", "{D29526B3-9ED6-4370-8E13-8CAD97929C91}"
EndProject
Project("{9A19103F-16F7-4668-BE54-9A1E7A4F7556}") = "WebAPI", "src\WebAPI\WebAPI.csproj", "{E347B21A-87F5-4EF2-ADBC-383A5D900F8E}"
EndProject
Global
	GlobalSection(SolutionConfigurationPlatforms) = preSolution
		Debug|Any CPU = Debug|Any CPU
		Release|Any CPU = Release|Any CPU
	EndGlobalSection
	GlobalSection(ProjectConfigurationPlatforms) = postSolution
		{8D4CE395-4661-4236-905B-AAE8E4ABA334}.Debug|Any CPU.ActiveCfg = Debug|Any CPU
		{8D4CE395-4661-4236-905B-AAE8E4ABA334}.Debug|Any CPU.Build.0 = Debug|Any CPU
		{8D4CE395-4661-4236-905B-AAE8E4ABA334}.Release|Any CPU.ActiveCfg = Release|Any CPU
		{8D4CE395-4661-4236-905B-AAE8E4ABA334}.Release|Any CPU.Build.0 = Release|Any CPU
		{192447C4-7727-4257-AC9E-F6D400C4BBD7}.Debug|Any CPU.ActiveCfg = Debug|Any CPU
		{192447C4-7727-4257-AC9E-F6D400C4BBD7}.Debug|Any CPU.Build.0 = Debug|Any CPU
		{192447C4-7727-4257-AC9E-F6D400C4BBD7}.Release|Any CPU.ActiveCfg = Release|Any CPU
		{192447C4-7727-4257-AC9E-F6D400C4BBD7}.Release|Any CPU.Build.0 = Release|Any CPU
		{D29526B3-9ED6-4370-8E13-8CAD97929C91}.Debug|Any CPU.ActiveCfg = Debug|Any CPU
		{D29526B3-9ED6-4370-8E13-8CAD97929C91}.Debug|Any CPU.Build.0 = Debug|Any CPU
		{D29526B3-9ED6-4370-8E13-8CAD97929C91}.Release|Any CPU.ActiveCfg = Release|Any CPU
		{D29526B3-9ED6-4370-8E13-8CAD97929C91}.Release|Any CPU.Build.0 = Release|Any CPU
		{E347B21A-87F5-4EF2-ADBC-383A5D900F8E}.Debug|Any CPU.ActiveCfg = Debug|Any CPU
		{E347B21A-87F5-4EF2-ADBC-383A5D900F8E}.Debug|Any CPU.Build.0 = Debug|Any CPU
		{E347B21A-87F5-4EF2-ADBC-383A5D900F8E}.Release|Any CPU.ActiveCfg = Release|Any CPU
		{E347B21A-87F5-4EF2-ADBC-383A5D900F8E}.Release|Any CPU.Build.0 = Release|Any CPU
	EndGlobalSection
	GlobalSection(SolutionProperties) = preSolution
		HideSolutionNode = FALSE
	EndGlobalSection
	GlobalSection(NestedProjects) = preSolution
		{8D4CE395-4661-4236-905B-AAE8E4ABA334} = {BCA9E438-A5C8-4824-A90B-462A9E89E248}
		{192447C4-7727-4257-AC9E-F6D400C4BBD7} = {BCA9E438-A5C8-4824-A90B-462A9E89E248}
		{D29526B3-9ED6-4370-8E13-8CAD97929C91} = {BCA9E438-A5C8-4824-A90B-462A9E89E248}
		{E347B21A-87F5-4EF2-ADBC-383A5D900F8E} = {BCA9E438-A5C8-4824-A90B-462A9E89E248}
	EndGlobalSection
	GlobalSection(ExtensibilityGlobals) = postSolution
		SolutionGuid = {7F23781D-DA8A-4720-AAE9-1E59F7274830}
	EndGlobalSection
EndGlobal
